
Microsoft Visual Studio Solution File, Format Version 12.00
# Visual Studio Version 17
VisualStudioVersion = 17.10.35122.118
MinimumVisualStudioVersion = 10.0.40219.1
Project("{9A19103F-16F7-4668-BE54-9A1E7A4F7556}") = "Ecom.Services.Product.Api", "Ecom.Services.Product.API\Ecom.Services.Product.Api.csproj", "{0C2D8C16-D7F3-47FF-9EF4-844AEF77C0A4}"
EndProject
Project("{9A19103F-16F7-4668-BE54-9A1E7A4F7556}") = "Ecom.Services.Product.Database", "Ecom.Services.Product.Database\Ecom.Services.Product.Database.csproj", "{552C5BC3-B9FC-4F43-B3F3-C23A11125B0D}"
EndProject
Project("{9A19103F-16F7-4668-BE54-9A1E7A4F7556}") = "Ecom.Services.Product.Service", "Ecom.Services.Product.Service\Ecom.Services.Product.Service.csproj", "{B8C532E8-6FDA-4785-9EF6-0B217FB355A5}"
EndProject
Project("{9A19103F-16F7-4668-BE54-9A1E7A4F7556}") = "Ecom.Services.Common.Sqs", "..\Ecom.Services.Common\Ecom.Services.Common.Sqs\Ecom.Services.Common.Sqs.csproj", "{87A703DA-8387-4733-B2D5-57138294CF7C}"
EndProject
Global
	GlobalSection(SolutionConfigurationPlatforms) = preSolution
		Debug|Any CPU = Debug|Any CPU
		Release|Any CPU = Release|Any CPU
	EndGlobalSection
	GlobalSection(ProjectConfigurationPlatforms) = postSolution
		{0C2D8C16-D7F3-47FF-9EF4-844AEF77C0A4}.Debug|Any CPU.ActiveCfg = Debug|Any CPU
		{0C2D8C16-D7F3-47FF-9EF4-844AEF77C0A4}.Debug|Any CPU.Build.0 = Debug|Any CPU
		{0C2D8C16-D7F3-47FF-9EF4-844AEF77C0A4}.Release|Any CPU.ActiveCfg = Release|Any CPU
		{0C2D8C16-D7F3-47FF-9EF4-844AEF77C0A4}.Release|Any CPU.Build.0 = Release|Any CPU
		{552C5BC3-B9FC-4F43-B3F3-C23A11125B0D}.Debug|Any CPU.ActiveCfg = Debug|Any CPU
		{552C5BC3-B9FC-4F43-B3F3-C23A11125B0D}.Debug|Any CPU.Build.0 = Debug|Any CPU
		{552C5BC3-B9FC-4F43-B3F3-C23A11125B0D}.Release|Any CPU.ActiveCfg = Release|Any CPU
		{552C5BC3-B9FC-4F43-B3F3-C23A11125B0D}.Release|Any CPU.Build.0 = Release|Any CPU
		{B8C532E8-6FDA-4785-9EF6-0B217FB355A5}.Debug|Any CPU.ActiveCfg = Debug|Any CPU
		{B8C532E8-6FDA-4785-9EF6-0B217FB355A5}.Debug|Any CPU.Build.0 = Debug|Any CPU
		{B8C532E8-6FDA-4785-9EF6-0B217FB355A5}.Release|Any CPU.ActiveCfg = Release|Any CPU
		{B8C532E8-6FDA-4785-9EF6-0B217FB355A5}.Release|Any CPU.Build.0 = Release|Any CPU
		{87A703DA-8387-4733-B2D5-57138294CF7C}.Debug|Any CPU.ActiveCfg = Debug|Any CPU
		{87A703DA-8387-4733-B2D5-57138294CF7C}.Debug|Any CPU.Build.0 = Debug|Any CPU
		{87A703DA-8387-4733-B2D5-57138294CF7C}.Release|Any CPU.ActiveCfg = Release|Any CPU
		{87A703DA-8387-4733-B2D5-57138294CF7C}.Release|Any CPU.Build.0 = Release|Any CPU
	EndGlobalSection
	GlobalSection(SolutionProperties) = preSolution
		HideSolutionNode = FALSE
	EndGlobalSection
	GlobalSection(ExtensibilityGlobals) = postSolution
		SolutionGuid = {F7A2759A-1DEA-4585-AFA9-100E170C2301}
	EndGlobalSection
EndGlobal
